GEM
  specs:
    diff-lcs (1.6.2)
    parallel (2.1.0)
    parallel_tests (4.10.1)
      parallel
    rake (13.4.2)
    rspec (3.13.2)
      rspec-core (~> 3.13.0)
      rspec-expectations (~> 3.13.0)
      rspec-mocks (~> 3.13.0)
    rspec-core (3.13.6)
      rspec-support (~> 3.13.0)
    rspec-expectations (3.13.5)
      diff-lcs (>= 1.2.0, < 2.0)
      rspec-support (~> 3.13.0)
    rspec-mocks (3.13.8)
      diff-lcs (>= 1.2.0, < 2.0)
      rspec-support (~> 3.13.0)
    rspec-support (3.13.7)
    simplecov (1.0.0.rc3)
    turbo_tests2 (3.1.5)
      parallel_tests (>= 3.3.0, < 6)
      rspec (>= 3.10)
      version_gem (~> 1.1, >= 1.1.13)
    version_gem (1.1.13)

PLATFORMS
  ruby
  x86_64-linux

DEPENDENCIES
  rake
  rspec
  simplecov (= 1.0.0.rc3)
  turbo_tests2

CHECKSUMS
  diff-lcs (1.6.2)
  parallel (2.1.0)
  parallel_tests (4.10.1)
  rake (13.4.2)
  rspec (3.13.2)
  rspec-core (3.13.6)
  rspec-expectations (3.13.5)
  rspec-mocks (3.13.8)
  rspec-support (3.13.7)
  simplecov (1.0.0.rc3)
  turbo_tests2 (3.1.5)
  version_gem (1.1.13)

BUNDLED WITH
  4.0.10
